
Microsoft Visual Studio Solution File, Format Version 12.00
# Visual Studio Version 16
VisualStudioVersion = 16.0.31624.102
MinimumVisualStudioVersion = 10.0.40219.1
Project("{FAE04EC0-301F-11D3-BF4B-00C04F79EFBC}") = "E_Justice_Dockect_Capturing.Android", "E_Justice_Dockect_Capturing.Android\E_Justice_Dockect_Capturing.Android.csproj", "{284C3E21-DE62-41A6-B58C-8CDEDBBAB938}"
EndProject
Project("{FAE04EC0-301F-11D3-BF4B-00C04F79EFBC}") = "E_Justice_Dockect_Capturing.iOS", "E_Justice_Dockect_Capturing.iOS\E_Justice_Dockect_Capturing.iOS.csproj", "{98E508E5-56CB-404D-94B0-DB4AAFA02F55}"
EndProject
Project("{FAE04EC0-301F-11D3-BF4B-00C04F79EFBC}") = "E_Justice_Dockect_Capturing", "E_Justice_Dockect_Capturing\E_Justice_Dockect_Capturing.csproj", "{C17AC2EF-5C7D-4DD0-91F0-54AA86A17DC9}"
EndProject
Global
	GlobalSection(SolutionConfigurationPlatforms) = preSolution
		Debug|Any CPU = Debug|Any CPU
		Debug|iPhone = Debug|iPhone
		Debug|iPhoneSimulator = Debug|iPhoneSimulator
		Release|Any CPU = Release|Any CPU
		Release|iPhone = Release|iPhone
		Release|iPhoneSimulator = Release|iPhoneSimulator
	EndGlobalSection
	GlobalSection(ProjectConfigurationPlatforms) = postSolution
		{284C3E21-DE62-41A6-B58C-8CDEDBBAB938}.Debug|Any CPU.ActiveCfg = Debug|Any CPU
		{284C3E21-DE62-41A6-B58C-8CDEDBBAB938}.Debug|Any CPU.Build.0 = Debug|Any CPU
		{284C3E21-DE62-41A6-B58C-8CDEDBBAB938}.Debug|Any CPU.Deploy.0 = Debug|Any CPU
		{284C3E21-DE62-41A6-B58C-8CDEDBBAB938}.Debug|iPhone.ActiveCfg = Debug|Any CPU
		{284C3E21-DE62-41A6-B58C-8CDEDBBAB938}.Debug|iPhone.Build.0 = Debug|Any CPU
		{284C3E21-DE62-41A6-B58C-8CDEDBBAB938}.Debug|iPhone.Deploy.0 = Debug|Any CPU
		{284C3E21-DE62-41A6-B58C-8CDEDBBAB938}.Debug|iPhoneSimulator.ActiveCfg = Debug|Any CPU
		{284C3E21-DE62-41A6-B58C-8CDEDBBAB938}.Debug|iPhoneSimulator.Build.0 = Debug|Any CPU
		{284C3E21-DE62-41A6-B58C-8CDEDBBAB938}.Debug|iPhoneSimulator.Deploy.0 = Debug|Any CPU
		{284C3E21-DE62-41A6-B58C-8CDEDBBAB938}.Release|Any CPU.ActiveCfg = Release|Any CPU
		{284C3E21-DE62-41A6-B58C-8CDEDBBAB938}.Release|Any CPU.Build.0 = Release|Any CPU
		{284C3E21-DE62-41A6-B58C-8CDEDBBAB938}.Release|Any CPU.Deploy.0 = Release|Any CPU
		{284C3E21-DE62-41A6-B58C-8CDEDBBAB938}.Release|iPhone.ActiveCfg = Release|Any CPU
		{284C3E21-DE62-41A6-B58C-8CDEDBBAB938}.Release|iPhone.Build.0 = Release|Any CPU
		{284C3E21-DE62-41A6-B58C-8CDEDBBAB938}.Release|iPhone.Deploy.0 = Release|Any CPU
		{284C3E21-DE62-41A6-B58C-8CDEDBBAB938}.Release|iPhoneSimulator.ActiveCfg = Release|Any CPU
		{284C3E21-DE62-41A6-B58C-8CDEDBBAB938}.Release|iPhoneSimulator.Build.0 = Release|Any CPU
		{284C3E21-DE62-41A6-B58C-8CDEDBBAB938}.Release|iPhoneSimulator.Deploy.0 = Release|Any CPU
		{98E508E5-56CB-404D-94B0-DB4AAFA02F55}.Debug|Any CPU.ActiveCfg = Debug|iPhone
		{98E508E5-56CB-404D-94B0-DB4AAFA02F55}.Debug|Any CPU.Build.0 = Debug|iPhone
		{98E508E5-56CB-404D-94B0-DB4AAFA02F55}.Debug|Any CPU.Deploy.0 = Debug|iPhone
		{98E508E5-56CB-404D-94B0-DB4AAFA02F55}.Debug|iPhone.ActiveCfg = Debug|iPhone
		{98E508E5-56CB-404D-94B0-DB4AAFA02F55}.Debug|iPhone.Build.0 = Debug|iPhone
		{98E508E5-56CB-404D-94B0-DB4AAFA02F55}.Debug|iPhone.Deploy.0 = Debug|iPhone
		{98E508E5-56CB-404D-94B0-DB4AAFA02F55}.Debug|iPhoneSimulator.ActiveCfg = Debug|iPhoneSimulator
		{98E508E5-56CB-404D-94B0-DB4AAFA02F55}.Debug|iPhoneSimulator.Build.0 = Debug|iPhoneSimulator
		{98E508E5-56CB-404D-94B0-DB4AAFA02F55}.Debug|iPhoneSimulator.Deploy.0 = Debug|iPhoneSimulator
		{98E508E5-56CB-404D-94B0-DB4AAFA02F55}.Release|Any CPU.ActiveCfg = Release|iPhoneSimulator
		{98E508E5-56CB-404D-94B0-DB4AAFA02F55}.Release|Any CPU.Build.0 = Release|iPhoneSimulator
		{98E508E5-56CB-404D-94B0-DB4AAFA02F55}.Release|Any CPU.Deploy.0 = Release|iPhoneSimulator
		{98E508E5-56CB-404D-94B0-DB4AAFA02F55}.Release|iPhone.ActiveCfg = Release|iPhone
		{98E508E5-56CB-404D-94B0-DB4AAFA02F55}.Release|iPhone.Build.0 = Release|iPhone
		{98E508E5-56CB-404D-94B0-DB4AAFA02F55}.Release|iPhone.Deploy.0 = Release|iPhone
		{98E508E5-56CB-404D-94B0-DB4AAFA02F55}.Release|iPhoneSimulator.ActiveCfg = Release|iPhoneSimulator
		{98E508E5-56CB-404D-94B0-DB4AAFA02F55}.Release|iPhoneSimulator.Build.0 = Release|iPhoneSimulator
		{98E508E5-56CB-404D-94B0-DB4AAFA02F55}.Release|iPhoneSimulator.Deploy.0 = Release|iPhoneSimulator
		{C17AC2EF-5C7D-4DD0-91F0-54AA86A17DC9}.Debug|Any CPU.ActiveCfg = Debug|Any CPU
		{C17AC2EF-5C7D-4DD0-91F0-54AA86A17DC9}.Debug|Any CPU.Build.0 = Debug|Any CPU
		{C17AC2EF-5C7D-4DD0-91F0-54AA86A17DC9}.Debug|Any CPU.Deploy.0 = Debug|Any CPU
		{C17AC2EF-5C7D-4DD0-91F0-54AA86A17DC9}.Debug|iPhone.ActiveCfg = Debug|Any CPU
		{C17AC2EF-5C7D-4DD0-91F0-54AA86A17DC9}.Debug|iPhone.Build.0 = Debug|Any CPU
		{C17AC2EF-5C7D-4DD0-91F0-54AA86A17DC9}.Debug|iPhone.Deploy.0 = Debug|Any CPU
		{C17AC2EF-5C7D-4DD0-91F0-54AA86A17DC9}.Debug|iPhoneSimulator.ActiveCfg = Debug|Any CPU
		{C17AC2EF-5C7D-4DD0-91F0-54AA86A17DC9}.Debug|iPhoneSimulator.Build.0 = Debug|Any CPU
		{C17AC2EF-5C7D-4DD0-91F0-54AA86A17DC9}.Debug|iPhoneSimulator.Deploy.0 = Debug|Any CPU
		{C17AC2EF-5C7D-4DD0-91F0-54AA86A17DC9}.Release|Any CPU.ActiveCfg = Release|Any CPU
		{C17AC2EF-5C7D-4DD0-91F0-54AA86A17DC9}.Release|Any CPU.Build.0 = Release|Any CPU
		{C17AC2EF-5C7D-4DD0-91F0-54AA86A17DC9}.Release|Any CPU.Deploy.0 = Release|Any CPU
		{C17AC2EF-5C7D-4DD0-91F0-54AA86A17DC9}.Release|iPhone.ActiveCfg = Release|Any CPU
		{C17AC2EF-5C7D-4DD0-91F0-54AA86A17DC9}.Release|iPhone.Build.0 = Release|Any CPU
		{C17AC2EF-5C7D-4DD0-91F0-54AA86A17DC9}.Release|iPhone.Deploy.0 = Release|Any CPU
		{C17AC2EF-5C7D-4DD0-91F0-54AA86A17DC9}.Release|iPhoneSimulator.ActiveCfg = Release|Any CPU
		{C17AC2EF-5C7D-4DD0-91F0-54AA86A17DC9}.Release|iPhoneSimulator.Build.0 = Release|Any CPU
		{C17AC2EF-5C7D-4DD0-91F0-54AA86A17DC9}.Release|iPhoneSimulator.Deploy.0 = Release|Any CPU
	EndGlobalSection
	GlobalSection(SolutionProperties) = preSolution
		HideSolutionNode = FALSE
	EndGlobalSection
	GlobalSection(ExtensibilityGlobals) = postSolution
		SolutionGuid = {6CA7CEF5-2678-49D9-A48D-82EC4A5505B9}
	EndGlobalSection
EndGlobal
